
Microsoft Visual Studio Solution File, Format Version 12.00
# Visual Studio Version 16
VisualStudioVersion = 16.0.30907.101
MinimumVisualStudioVersion = 10.0.40219.1
Project("{FAE04EC0-301F-11D3-BF4B-00C04F79EFBC}") = "TestCheckbox.Android", "TestCheckbox\TestCheckbox.Android\TestCheckbox.Android.csproj", "{7382D043-A29F-4091-A7C2-8D78317E79A7}"
EndProject
Project("{FAE04EC0-301F-11D3-BF4B-00C04F79EFBC}") = "TestCheckbox.iOS", "TestCheckbox\TestCheckbox.iOS\TestCheckbox.iOS.csproj", "{9D86A5FF-7E02-4BB2-8AAE-45D75B81A324}"
EndProject
Project("{FAE04EC0-301F-11D3-BF4B-00C04F79EFBC}") = "TestCheckbox", "TestCheckbox\TestCheckbox\TestCheckbox.csproj", "{1F0C12D3-B70D-444C-9AED-706561307458}"
EndProject
Global
	GlobalSection(SolutionConfigurationPlatforms) = preSolution
		Debug|Any CPU = Debug|Any CPU
		Debug|iPhone = Debug|iPhone
		Debug|iPhoneSimulator = Debug|iPhoneSimulator
		Release|Any CPU = Release|Any CPU
		Release|iPhone = Release|iPhone
		Release|iPhoneSimulator = Release|iPhoneSimulator
	EndGlobalSection
	GlobalSection(ProjectConfigurationPlatforms) = postSolution
		{7382D043-A29F-4091-A7C2-8D78317E79A7}.Debug|Any CPU.ActiveCfg = Debug|Any CPU
		{7382D043-A29F-4091-A7C2-8D78317E79A7}.Debug|Any CPU.Build.0 = Debug|Any CPU
		{7382D043-A29F-4091-A7C2-8D78317E79A7}.Debug|Any CPU.Deploy.0 = Debug|Any CPU
		{7382D043-A29F-4091-A7C2-8D78317E79A7}.Debug|iPhone.ActiveCfg = Debug|Any CPU
		{7382D043-A29F-4091-A7C2-8D78317E79A7}.Debug|iPhone.Build.0 = Debug|Any CPU
		{7382D043-A29F-4091-A7C2-8D78317E79A7}.Debug|iPhone.Deploy.0 = Debug|Any CPU
		{7382D043-A29F-4091-A7C2-8D78317E79A7}.Debug|iPhoneSimulator.ActiveCfg = Debug|Any CPU
		{7382D043-A29F-4091-A7C2-8D78317E79A7}.Debug|iPhoneSimulator.Build.0 = Debug|Any CPU
		{7382D043-A29F-4091-A7C2-8D78317E79A7}.Debug|iPhoneSimulator.Deploy.0 = Debug|Any CPU
		{7382D043-A29F-4091-A7C2-8D78317E79A7}.Release|Any CPU.ActiveCfg = Release|Any CPU
		{7382D043-A29F-4091-A7C2-8D78317E79A7}.Release|Any CPU.Build.0 = Release|Any CPU
		{7382D043-A29F-4091-A7C2-8D78317E79A7}.Release|Any CPU.Deploy.0 = Release|Any CPU
		{7382D043-A29F-4091-A7C2-8D78317E79A7}.Release|iPhone.ActiveCfg = Release|Any CPU
		{7382D043-A29F-4091-A7C2-8D78317E79A7}.Release|iPhone.Build.0 = Release|Any CPU
		{7382D043-A29F-4091-A7C2-8D78317E79A7}.Release|iPhone.Deploy.0 = Release|Any CPU
		{7382D043-A29F-4091-A7C2-8D78317E79A7}.Release|iPhoneSimulator.ActiveCfg = Release|Any CPU
		{7382D043-A29F-4091-A7C2-8D78317E79A7}.Release|iPhoneSimulator.Build.0 = Release|Any CPU
		{7382D043-A29F-4091-A7C2-8D78317E79A7}.Release|iPhoneSimulator.Deploy.0 = Release|Any CPU
		{9D86A5FF-7E02-4BB2-8AAE-45D75B81A324}.Debug|Any CPU.ActiveCfg = Debug|iPhone
		{9D86A5FF-7E02-4BB2-8AAE-45D75B81A324}.Debug|Any CPU.Build.0 = Debug|iPhone
		{9D86A5FF-7E02-4BB2-8AAE-45D75B81A324}.Debug|Any CPU.Deploy.0 = Debug|iPhone
		{9D86A5FF-7E02-4BB2-8AAE-45D75B81A324}.Debug|iPhone.ActiveCfg = Debug|iPhone
		{9D86A5FF-7E02-4BB2-8AAE-45D75B81A324}.Debug|iPhone.Build.0 = Debug|iPhone
		{9D86A5FF-7E02-4BB2-8AAE-45D75B81A324}.Debug|iPhone.Deploy.0 = Debug|iPhone
		{9D86A5FF-7E02-4BB2-8AAE-45D75B81A324}.Debug|iPhoneSimulator.ActiveCfg = Debug|iPhoneSimulator
		{9D86A5FF-7E02-4BB2-8AAE-45D75B81A324}.Debug|iPhoneSimulator.Build.0 = Debug|iPhoneSimulator
		{9D86A5FF-7E02-4BB2-8AAE-45D75B81A324}.Debug|iPhoneSimulator.Deploy.0 = Debug|iPhoneSimulator
		{9D86A5FF-7E02-4BB2-8AAE-45D75B81A324}.Release|Any CPU.ActiveCfg = Release|iPhoneSimulator
		{9D86A5FF-7E02-4BB2-8AAE-45D75B81A324}.Release|Any CPU.Build.0 = Release|iPhoneSimulator
		{9D86A5FF-7E02-4BB2-8AAE-45D75B81A324}.Release|Any CPU.Deploy.0 = Release|iPhoneSimulator
		{9D86A5FF-7E02-4BB2-8AAE-45D75B81A324}.Release|iPhone.ActiveCfg = Release|iPhone
		{9D86A5FF-7E02-4BB2-8AAE-45D75B81A324}.Release|iPhone.Build.0 = Release|iPhone
		{9D86A5FF-7E02-4BB2-8AAE-45D75B81A324}.Release|iPhone.Deploy.0 = Release|iPhone
		{9D86A5FF-7E02-4BB2-8AAE-45D75B81A324}.Release|iPhoneSimulator.ActiveCfg = Release|iPhoneSimulator
		{9D86A5FF-7E02-4BB2-8AAE-45D75B81A324}.Release|iPhoneSimulator.Build.0 = Release|iPhoneSimulator
		{9D86A5FF-7E02-4BB2-8AAE-45D75B81A324}.Release|iPhoneSimulator.Deploy.0 = Release|iPhoneSimulator
		{1F0C12D3-B70D-444C-9AED-706561307458}.Debug|Any CPU.ActiveCfg = Debug|Any CPU
		{1F0C12D3-B70D-444C-9AED-706561307458}.Debug|Any CPU.Build.0 = Debug|Any CPU
		{1F0C12D3-B70D-444C-9AED-706561307458}.Debug|Any CPU.Deploy.0 = Debug|Any CPU
		{1F0C12D3-B70D-444C-9AED-706561307458}.Debug|iPhone.ActiveCfg = Debug|Any CPU
		{1F0C12D3-B70D-444C-9AED-706561307458}.Debug|iPhone.Build.0 = Debug|Any CPU
		{1F0C12D3-B70D-444C-9AED-706561307458}.Debug|iPhone.Deploy.0 = Debug|Any CPU
		{1F0C12D3-B70D-444C-9AED-706561307458}.Debug|iPhoneSimulator.ActiveCfg = Debug|Any CPU
		{1F0C12D3-B70D-444C-9AED-706561307458}.Debug|iPhoneSimulator.Build.0 = Debug|Any CPU
		{1F0C12D3-B70D-444C-9AED-706561307458}.Debug|iPhoneSimulator.Deploy.0 = Debug|Any CPU
		{1F0C12D3-B70D-444C-9AED-706561307458}.Release|Any CPU.ActiveCfg = Release|Any CPU
		{1F0C12D3-B70D-444C-9AED-706561307458}.Release|Any CPU.Build.0 = Release|Any CPU
		{1F0C12D3-B70D-444C-9AED-706561307458}.Release|Any CPU.Deploy.0 = Release|Any CPU
		{1F0C12D3-B70D-444C-9AED-706561307458}.Release|iPhone.ActiveCfg = Release|Any CPU
		{1F0C12D3-B70D-444C-9AED-706561307458}.Release|iPhone.Build.0 = Release|Any CPU
		{1F0C12D3-B70D-444C-9AED-706561307458}.Release|iPhone.Deploy.0 = Release|Any CPU
		{1F0C12D3-B70D-444C-9AED-706561307458}.Release|iPhoneSimulator.ActiveCfg = Release|Any CPU
		{1F0C12D3-B70D-444C-9AED-706561307458}.Release|iPhoneSimulator.Build.0 = Release|Any CPU
		{1F0C12D3-B70D-444C-9AED-706561307458}.Release|iPhoneSimulator.Deploy.0 = Release|Any CPU
	EndGlobalSection
	GlobalSection(SolutionProperties) = preSolution
		HideSolutionNode = FALSE
	EndGlobalSection
	GlobalSection(ExtensibilityGlobals) = postSolution
		SolutionGuid = {84134ECA-38C6-4B8A-86FF-E9C5A8C11292}
	EndGlobalSection
EndGlobal
